
Microsoft Visual Studio Solution File, Format Version 12.00
# Visual Studio Version 16
VisualStudioVersion = 16.0.30128.74
MinimumVisualStudioVersion = 10.0.40219.1
Project("{FAE04EC0-301F-11D3-BF4B-00C04F79EFBC}") = "rectangle and cylinder", "rectangle and cylinder\rectangle and cylinder.csproj", "{A3A7B101-E4C5-44A3-AD8D-6DA6893A66EE}"
EndProject
Global
	GlobalSection(SolutionConfigurationPlatforms) = preSolution
		Debug|Any CPU = Debug|Any CPU
		Release|Any CPU = Release|Any CPU
	EndGlobalSection
	GlobalSection(ProjectConfigurationPlatforms) = postSolution
		{A3A7B101-E4C5-44A3-AD8D-6DA6893A66EE}.Debug|Any CPU.ActiveCfg = Debug|Any CPU
		{A3A7B101-E4C5-44A3-AD8D-6DA6893A66EE}.Debug|Any CPU.Build.0 = Debug|Any CPU
		{A3A7B101-E4C5-44A3-AD8D-6DA6893A66EE}.Release|Any CPU.ActiveCfg = Release|Any CPU
		{A3A7B101-E4C5-44A3-AD8D-6DA6893A66EE}.Release|Any CPU.Build.0 = Release|Any CPU
	EndGlobalSection
	GlobalSection(SolutionProperties) = preSolution
		HideSolutionNode = FALSE
	EndGlobalSection
	GlobalSection(ExtensibilityGlobals) = postSolution
		SolutionGuid = {12BB4A63-DE8C-4753-9EE7-47E7413AFB0D}
	EndGlobalSection
EndGlobal
