
Microsoft Visual Studio Solution File, Format Version 12.00
# Visual Studio Version 16
VisualStudioVersion = 16.0.29806.167
MinimumVisualStudioVersion = 10.0.40219.1
Project("{FAE04EC0-301F-11D3-BF4B-00C04F79EFBC}") = "TreeView控件", "TreeView控件\TreeView控件.csproj", "{A9BC7AA3-B6A6-4E8B-AF1A-0D4ECB64ABBE}"
EndProject
Global
	GlobalSection(SolutionConfigurationPlatforms) = preSolution
		Debug|Any CPU = Debug|Any CPU
		Release|Any CPU = Release|Any CPU
	EndGlobalSection
	GlobalSection(ProjectConfigurationPlatforms) = postSolution
		{A9BC7AA3-B6A6-4E8B-AF1A-0D4ECB64ABBE}.Debug|Any CPU.ActiveCfg = Debug|Any CPU
		{A9BC7AA3-B6A6-4E8B-AF1A-0D4ECB64ABBE}.Debug|Any CPU.Build.0 = Debug|Any CPU
		{A9BC7AA3-B6A6-4E8B-AF1A-0D4ECB64ABBE}.Release|Any CPU.ActiveCfg = Release|Any CPU
		{A9BC7AA3-B6A6-4E8B-AF1A-0D4ECB64ABBE}.Release|Any CPU.Build.0 = Release|Any CPU
	EndGlobalSection
	GlobalSection(SolutionProperties) = preSolution
		HideSolutionNode = FALSE
	EndGlobalSection
	GlobalSection(ExtensibilityGlobals) = postSolution
		SolutionGuid = {6B966A89-DA81-4357-BE60-CD4BA4813FE7}
	EndGlobalSection
EndGlobal
