
Microsoft Visual Studio Solution File, Format Version 12.00
# Visual Studio Version 16
VisualStudioVersion = 16.0.29806.167
MinimumVisualStudioVersion = 10.0.40219.1
Project("{FAE04EC0-301F-11D3-BF4B-00C04F79EFBC}") = "表白", "表白\表白.csproj", "{689FC1C3-FF8C-4F32-AC1F-D2FC0BC4F455}"
EndProject
Global
	GlobalSection(SolutionConfigurationPlatforms) = preSolution
		Debug|Any CPU = Debug|Any CPU
		Release|Any CPU = Release|Any CPU
	EndGlobalSection
	GlobalSection(ProjectConfigurationPlatforms) = postSolution
		{689FC1C3-FF8C-4F32-AC1F-D2FC0BC4F455}.Debug|Any CPU.ActiveCfg = Debug|Any CPU
		{689FC1C3-FF8C-4F32-AC1F-D2FC0BC4F455}.Debug|Any CPU.Build.0 = Debug|Any CPU
		{689FC1C3-FF8C-4F32-AC1F-D2FC0BC4F455}.Release|Any CPU.ActiveCfg = Release|Any CPU
		{689FC1C3-FF8C-4F32-AC1F-D2FC0BC4F455}.Release|Any CPU.Build.0 = Release|Any CPU
	EndGlobalSection
	GlobalSection(SolutionProperties) = preSolution
		HideSolutionNode = FALSE
	EndGlobalSection
	GlobalSection(ExtensibilityGlobals) = postSolution
		SolutionGuid = {1FE31AE5-A3DD-4ED1-9A5A-5ECBF8F12B23}
	EndGlobalSection
EndGlobal
