
Microsoft Visual Studio Solution File, Format Version 12.00
# Visual Studio Version 16
VisualStudioVersion = 16.0.29728.190
MinimumVisualStudioVersion = 10.0.40219.1
Project("{FAE04EC0-301F-11D3-BF4B-00C04F79EFBC}") = "控制台输出+输入", "ConsoleApp1\控制台输出+输入.csproj", "{53610689-691A-411B-A9EB-D152E922456D}"
EndProject
Global
	GlobalSection(SolutionConfigurationPlatforms) = preSolution
		Debug|Any CPU = Debug|Any CPU
		Release|Any CPU = Release|Any CPU
	EndGlobalSection
	GlobalSection(ProjectConfigurationPlatforms) = postSolution
		{53610689-691A-411B-A9EB-D152E922456D}.Debug|Any CPU.ActiveCfg = Debug|Any CPU
		{53610689-691A-411B-A9EB-D152E922456D}.Debug|Any CPU.Build.0 = Debug|Any CPU
		{53610689-691A-411B-A9EB-D152E922456D}.Release|Any CPU.ActiveCfg = Release|Any CPU
		{53610689-691A-411B-A9EB-D152E922456D}.Release|Any CPU.Build.0 = Release|Any CPU
	EndGlobalSection
	GlobalSection(SolutionProperties) = preSolution
		HideSolutionNode = FALSE
	EndGlobalSection
	GlobalSection(ExtensibilityGlobals) = postSolution
		SolutionGuid = {32DDA966-8CAF-4B9D-99C1-8FBED3D624B2}
	EndGlobalSection
EndGlobal
