
Microsoft Visual Studio Solution File, Format Version 12.00
# Visual Studio Version 16
VisualStudioVersion = 16.0.29806.167
MinimumVisualStudioVersion = 10.0.40219.1
Project("{FAE04EC0-301F-11D3-BF4B-00C04F79EFBC}") = "值传递和引用传递", "基本数据类型\值传递和引用传递.csproj", "{466879BE-870E-4103-ACA0-BED5F6C6934C}"
EndProject
Global
	GlobalSection(SolutionConfigurationPlatforms) = preSolution
		Debug|Any CPU = Debug|Any CPU
		Release|Any CPU = Release|Any CPU
	EndGlobalSection
	GlobalSection(ProjectConfigurationPlatforms) = postSolution
		{466879BE-870E-4103-ACA0-BED5F6C6934C}.Debug|Any CPU.ActiveCfg = Debug|Any CPU
		{466879BE-870E-4103-ACA0-BED5F6C6934C}.Debug|Any CPU.Build.0 = Debug|Any CPU
		{466879BE-870E-4103-ACA0-BED5F6C6934C}.Release|Any CPU.ActiveCfg = Release|Any CPU
		{466879BE-870E-4103-ACA0-BED5F6C6934C}.Release|Any CPU.Build.0 = Release|Any CPU
	EndGlobalSection
	GlobalSection(SolutionProperties) = preSolution
		HideSolutionNode = FALSE
	EndGlobalSection
	GlobalSection(ExtensibilityGlobals) = postSolution
		SolutionGuid = {A6AC4BDA-4423-4CA2-A7F4-600C3B38AACF}
	EndGlobalSection
EndGlobal
