
Microsoft Visual Studio Solution File, Format Version 12.00
# Visual Studio Version 16
VisualStudioVersion = 16.0.30320.27
MinimumVisualStudioVersion = 10.0.40219.1
Project("{FAE04EC0-301F-11D3-BF4B-00C04F79EFBC}") = "test111", "test111\test111.csproj", "{2A2A81E0-15A3-4623-A6F9-6C3E8F869D30}"
EndProject
Global
	GlobalSection(SolutionConfigurationPlatforms) = preSolution
		Debug|Any CPU = Debug|Any CPU
		Release|Any CPU = Release|Any CPU
	EndGlobalSection
	GlobalSection(ProjectConfigurationPlatforms) = postSolution
		{2A2A81E0-15A3-4623-A6F9-6C3E8F869D30}.Debug|Any CPU.ActiveCfg = Debug|Any CPU
		{2A2A81E0-15A3-4623-A6F9-6C3E8F869D30}.Debug|Any CPU.Build.0 = Debug|Any CPU
		{2A2A81E0-15A3-4623-A6F9-6C3E8F869D30}.Release|Any CPU.ActiveCfg = Release|Any CPU
		{2A2A81E0-15A3-4623-A6F9-6C3E8F869D30}.Release|Any CPU.Build.0 = Release|Any CPU
	EndGlobalSection
	GlobalSection(SolutionProperties) = preSolution
		HideSolutionNode = FALSE
	EndGlobalSection
	GlobalSection(ExtensibilityGlobals) = postSolution
		SolutionGuid = {FC98976E-7CC5-4011-A541-895B6FA04837}
	EndGlobalSection
EndGlobal
