
Microsoft Visual Studio Solution File, Format Version 12.00
# Visual Studio Version 16
VisualStudioVersion = 16.0.29806.167
MinimumVisualStudioVersion = 10.0.40219.1
Project("{FAE04EC0-301F-11D3-BF4B-00C04F79EFBC}") = "事件之事件的发布和订阅", "事件之事件的发布和订阅\事件之事件的发布和订阅.csproj", "{C6B72AFC-EBFB-401D-9C38-DCA9FA74AE6E}"
EndProject
Global
	GlobalSection(SolutionConfigurationPlatforms) = preSolution
		Debug|Any CPU = Debug|Any CPU
		Release|Any CPU = Release|Any CPU
	EndGlobalSection
	GlobalSection(ProjectConfigurationPlatforms) = postSolution
		{C6B72AFC-EBFB-401D-9C38-DCA9FA74AE6E}.Debug|Any CPU.ActiveCfg = Debug|Any CPU
		{C6B72AFC-EBFB-401D-9C38-DCA9FA74AE6E}.Debug|Any CPU.Build.0 = Debug|Any CPU
		{C6B72AFC-EBFB-401D-9C38-DCA9FA74AE6E}.Release|Any CPU.ActiveCfg = Release|Any CPU
		{C6B72AFC-EBFB-401D-9C38-DCA9FA74AE6E}.Release|Any CPU.Build.0 = Release|Any CPU
	EndGlobalSection
	GlobalSection(SolutionProperties) = preSolution
		HideSolutionNode = FALSE
	EndGlobalSection
	GlobalSection(ExtensibilityGlobals) = postSolution
		SolutionGuid = {28522A1E-F7B9-4118-A711-B0BD399660A1}
	EndGlobalSection
EndGlobal
