
Microsoft Visual Studio Solution File, Format Version 12.00
# Visual Studio Version 16
VisualStudioVersion = 16.0.29806.167
MinimumVisualStudioVersion = 10.0.40219.1
Project("{FAE04EC0-301F-11D3-BF4B-00C04F79EFBC}") = "两个 接口", "两个 接口\两个 接口.csproj", "{43DA44E0-5630-45ED-8698-CA670D769F62}"
EndProject
Global
	GlobalSection(SolutionConfigurationPlatforms) = preSolution
		Debug|Any CPU = Debug|Any CPU
		Release|Any CPU = Release|Any CPU
	EndGlobalSection
	GlobalSection(ProjectConfigurationPlatforms) = postSolution
		{43DA44E0-5630-45ED-8698-CA670D769F62}.Debug|Any CPU.ActiveCfg = Debug|Any CPU
		{43DA44E0-5630-45ED-8698-CA670D769F62}.Debug|Any CPU.Build.0 = Debug|Any CPU
		{43DA44E0-5630-45ED-8698-CA670D769F62}.Release|Any CPU.ActiveCfg = Release|Any CPU
		{43DA44E0-5630-45ED-8698-CA670D769F62}.Release|Any CPU.Build.0 = Release|Any CPU
	EndGlobalSection
	GlobalSection(SolutionProperties) = preSolution
		HideSolutionNode = FALSE
	EndGlobalSection
	GlobalSection(ExtensibilityGlobals) = postSolution
		SolutionGuid = {C8B10E1F-1DFB-413E-B316-EF99F3CF32B7}
	EndGlobalSection
EndGlobal
