
Microsoft Visual Studio Solution File, Format Version 12.00
# Visual Studio Version 16
VisualStudioVersion = 16.0.29806.167
MinimumVisualStudioVersion = 10.0.40219.1
Project("{FAE04EC0-301F-11D3-BF4B-00C04F79EFBC}") = "泛型", "泛型\泛型.csproj", "{7BB2D1D8-FFAB-4389-95D4-8A56A4E013C9}"
EndProject
Global
	GlobalSection(SolutionConfigurationPlatforms) = preSolution
		Debug|Any CPU = Debug|Any CPU
		Release|Any CPU = Release|Any CPU
	EndGlobalSection
	GlobalSection(ProjectConfigurationPlatforms) = postSolution
		{7BB2D1D8-FFAB-4389-95D4-8A56A4E013C9}.Debug|Any CPU.ActiveCfg = Debug|Any CPU
		{7BB2D1D8-FFAB-4389-95D4-8A56A4E013C9}.Debug|Any CPU.Build.0 = Debug|Any CPU
		{7BB2D1D8-FFAB-4389-95D4-8A56A4E013C9}.Release|Any CPU.ActiveCfg = Release|Any CPU
		{7BB2D1D8-FFAB-4389-95D4-8A56A4E013C9}.Release|Any CPU.Build.0 = Release|Any CPU
	EndGlobalSection
	GlobalSection(SolutionProperties) = preSolution
		HideSolutionNode = FALSE
	EndGlobalSection
	GlobalSection(ExtensibilityGlobals) = postSolution
		SolutionGuid = {1CA5D239-3AFF-4248-A6F8-186E7DB92E38}
	EndGlobalSection
EndGlobal
